{
  "projects": [
    {
      "projectId": "caTPwKxj5ZrD9LQ7DMdK4Z",
      "version": "3.45.0",
      "dependencies": {},
      "lang": "js",
      "fileLocks": [
        {
          "assetId": "caTPwKxj5ZrD9LQ7DMdK4Z",
          "type": "projectCss",
          "checksum": "fd97b5780f8a68a1561c8818e6d31f40"
        },
        {
          "assetId": "caTPwKxj5ZrD9LQ7DMdK4Z",
          "checksum": "efdcd613ac98718578f9c563cd75fd38",
          "type": "projectModule"
        },
        {
          "assetId": "caTPwKxj5ZrD9LQ7DMdK4Z",
          "checksum": "786b5e9825dbcc9f57e650603b1b1624",
          "type": "styleTokensProvider"
        }
      ],
      "codegenVersion": "0.0.2"
    },
    {
      "projectId": "enk3K4vZ6pmH6kVCoZJXGn",
      "version": "4.31.0",
      "dependencies": {},
      "lang": "js",
      "fileLocks": [
        {
          "assetId": "enk3K4vZ6pmH6kVCoZJXGn",
          "type": "projectCss",
          "checksum": "1f4e5cf64d078aa6f6f714a1afc230dc"
        },
        {
          "assetId": "enk3K4vZ6pmH6kVCoZJXGn",
          "checksum": "1eb3a10253c4049b9b92bf2126d61dbb",
          "type": "projectModule"
        },
        {
          "assetId": "enk3K4vZ6pmH6kVCoZJXGn",
          "checksum": "70dac8e885365753b82178ecfdedbe47",
          "type": "styleTokensProvider"
        }
      ],
      "codegenVersion": "0.0.2"
    },
    {
      "projectId": "8PtdGodUbexNYgkuyBUcWu",
      "version": "3.32.0",
      "dependencies": {},
      "lang": "js",
      "fileLocks": [
        {
          "assetId": "8PtdGodUbexNYgkuyBUcWu",
          "type": "projectCss",
          "checksum": "088414e6e971a72681288a050fb2f7d7"
        },
        {
          "assetId": "8PtdGodUbexNYgkuyBUcWu",
          "checksum": "c34deae3be4116372b8f09a576ea3a01",
          "type": "globalContexts"
        },
        {
          "assetId": "8PtdGodUbexNYgkuyBUcWu",
          "checksum": "23e35f9a7b22b3e265a5e7ef8ec77a00",
          "type": "projectModule"
        },
        {
          "assetId": "8PtdGodUbexNYgkuyBUcWu",
          "checksum": "f4648e6bffbe30fbcd5b6898f2f6f659",
          "type": "styleTokensProvider"
        }
      ],
      "codegenVersion": "0.0.2"
    },
    {
      "projectId": "hjKYmYi6HMwK6TRyk7ew5R",
      "version": "6.47.0",
      "dependencies": {},
      "lang": "js",
      "fileLocks": [
        {
          "assetId": "hjKYmYi6HMwK6TRyk7ew5R",
          "type": "projectCss",
          "checksum": "c4505a3f7ad18792aabf4c914f1b6bbf"
        },
        {
          "assetId": "hjKYmYi6HMwK6TRyk7ew5R",
          "checksum": "689bfe048c805967249df4fe6b0cb88a",
          "type": "globalContexts"
        },
        {
          "assetId": "hjKYmYi6HMwK6TRyk7ew5R",
          "checksum": "1cdeaa5ec55a72854654233e68cb9294",
          "type": "projectModule"
        },
        {
          "assetId": "hjKYmYi6HMwK6TRyk7ew5R",
          "checksum": "b61e70313e4bce1ef805eac6716db374",
          "type": "styleTokensProvider"
        }
      ],
      "codegenVersion": "0.0.2"
    },
    {
      "projectId": "r3ASNrnyvLLLAtDvzUioQ",
      "version": "4.13.0",
      "dependencies": {},
      "lang": "js",
      "fileLocks": [
        {
          "assetId": "r3ASNrnyvLLLAtDvzUioQ",
          "type": "projectCss",
          "checksum": "fd97b5780f8a68a1561c8818e6d31f40"
        },
        {
          "assetId": "r3ASNrnyvLLLAtDvzUioQ",
          "checksum": "e100b8df3fdcbf40afdd96478006bbf7",
          "type": "projectModule"
        },
        {
          "assetId": "r3ASNrnyvLLLAtDvzUioQ",
          "checksum": "b0181bfa3fa68f3b889da9be7d7df94f",
          "type": "styleTokensProvider"
        }
      ],
      "codegenVersion": "0.0.2"
    },
    {
      "projectId": "gLnoj82AzKVVT7qXiqAbHD",
      "version": "2.19.0",
      "dependencies": {},
      "lang": "js",
      "fileLocks": [
        {
          "assetId": "gLnoj82AzKVVT7qXiqAbHD",
          "type": "projectCss",
          "checksum": "fd97b5780f8a68a1561c8818e6d31f40"
        },
        {
          "assetId": "gLnoj82AzKVVT7qXiqAbHD",
          "checksum": "de3a11139ed902846dc8fc622ecb67ee",
          "type": "projectModule"
        },
        {
          "assetId": "gLnoj82AzKVVT7qXiqAbHD",
          "checksum": "cf61b2894d3474cabc8451d948b581b6",
          "type": "styleTokensProvider"
        },
        {
          "type": "renderModule",
          "assetId": "lBHNzts6tFyj",
          "checksum": "68affc0a45038d9495c328d0c69763a1"
        },
        {
          "type": "cssRules",
          "assetId": "lBHNzts6tFyj",
          "checksum": "68affc0a45038d9495c328d0c69763a1"
        },
        {
          "type": "icon",
          "assetId": "zq2s7N0xWucT",
          "checksum": "bd85295cedaeac0de29b4aa0716fc5ad"
        },
        {
          "type": "icon",
          "assetId": "8K40faRNhuCj",
          "checksum": "d2e49d902b3cffb3c7e3d761d5f3f5af"
        }
      ],
      "codegenVersion": "0.0.2"
    },
    {
      "projectId": "bw1XRvvtRawYwtZXSCfw3q",
      "version": "latest",
      "dependencies": {
        "gLnoj82AzKVVT7qXiqAbHD": "2.19.0",
        "r3ASNrnyvLLLAtDvzUioQ": "4.13.0",
        "hjKYmYi6HMwK6TRyk7ew5R": "6.47.0",
        "8PtdGodUbexNYgkuyBUcWu": "3.32.0",
        "enk3K4vZ6pmH6kVCoZJXGn": "4.31.0",
        "caTPwKxj5ZrD9LQ7DMdK4Z": "3.45.0"
      },
      "lang": "js",
      "fileLocks": [
        {
          "type": "globalVariant",
          "assetId": "0XnN8G2shfVa",
          "checksum": "fbeac65669d4339e1d0ea65158eece2b"
        },
        {
          "assetId": "bw1XRvvtRawYwtZXSCfw3q",
          "type": "projectCss",
          "checksum": "af543fe4eef7c6d97acf1acde806194b"
        },
        {
          "assetId": "bw1XRvvtRawYwtZXSCfw3q",
          "checksum": "47fb866150ce2012aa382d888a87bc46",
          "type": "globalContexts"
        },
        {
          "assetId": "bw1XRvvtRawYwtZXSCfw3q",
          "checksum": "1cf185afa13c039cf5725f26a23f8733",
          "type": "projectModule"
        },
        {
          "assetId": "bw1XRvvtRawYwtZXSCfw3q",
          "checksum": "d0041a4f4f0b4494b492d803df8c7233",
          "type": "styleTokensProvider"
        },
        {
          "type": "renderModule",
          "assetId": "7yywzK2RVBBC",
          "checksum": "123f5cf98e3be89582bfcbe42fb707d3"
        },
        {
          "type": "cssRules",
          "assetId": "7yywzK2RVBBC",
          "checksum": "123f5cf98e3be89582bfcbe42fb707d3"
        },
        {
          "type": "renderModule",
          "assetId": "oyUjyWZqENHC",
          "checksum": "c597e84f617485085c80ba6dc96fb50b"
        },
        {
          "type": "cssRules",
          "assetId": "oyUjyWZqENHC",
          "checksum": "c597e84f617485085c80ba6dc96fb50b"
        },
        {
          "type": "renderModule",
          "assetId": "rsmGwQu4g3jB",
          "checksum": "7145c492390fc90ad58d3befc4d4d9cd"
        },
        {
          "type": "cssRules",
          "assetId": "rsmGwQu4g3jB",
          "checksum": "7145c492390fc90ad58d3befc4d4d9cd"
        },
        {
          "type": "renderModule",
          "assetId": "r-IsABN_mh32",
          "checksum": "dacf7b892ac555fdf08630c51aca4adb"
        },
        {
          "type": "cssRules",
          "assetId": "r-IsABN_mh32",
          "checksum": "dacf7b892ac555fdf08630c51aca4adb"
        },
        {
          "type": "renderModule",
          "assetId": "kZMJ5azlNu2t",
          "checksum": "c58b3f204702a7459935095aadb9d696"
        },
        {
          "type": "cssRules",
          "assetId": "kZMJ5azlNu2t",
          "checksum": "c58b3f204702a7459935095aadb9d696"
        },
        {
          "type": "renderModule",
          "assetId": "q7VMf-wKrllj",
          "checksum": "077e656750ecfa2387520515cd1afbdd"
        },
        {
          "type": "cssRules",
          "assetId": "q7VMf-wKrllj",
          "checksum": "077e656750ecfa2387520515cd1afbdd"
        },
        {
          "type": "renderModule",
          "assetId": "DdULJILWqlju",
          "checksum": "56050fe6c84b5b02661d17eb7a636276"
        },
        {
          "type": "cssRules",
          "assetId": "DdULJILWqlju",
          "checksum": "56050fe6c84b5b02661d17eb7a636276"
        },
        {
          "type": "renderModule",
          "assetId": "FGcO1rOE3sm1",
          "checksum": "5b87bf46d6e3a511624f9b271a26ac08"
        },
        {
          "type": "cssRules",
          "assetId": "FGcO1rOE3sm1",
          "checksum": "5b87bf46d6e3a511624f9b271a26ac08"
        },
        {
          "type": "renderModule",
          "assetId": "rCIaETxTvzhO",
          "checksum": "d418e735421d38245aa02a2c1966f741"
        },
        {
          "type": "cssRules",
          "assetId": "rCIaETxTvzhO",
          "checksum": "d418e735421d38245aa02a2c1966f741"
        },
        {
          "type": "icon",
          "assetId": "lBuZD6IhmcWJ",
          "checksum": "9b9ccde91c2a0d01eece1b0ed119744e"
        },
        {
          "type": "icon",
          "assetId": "TYUagLMnHgZQ",
          "checksum": "1e96096fd4f8e620201bb26d161ba4de"
        },
        {
          "type": "icon",
          "assetId": "517bRlaOqCqY",
          "checksum": "2f5bb302920699095e5a2fab2a586538"
        },
        {
          "type": "icon",
          "assetId": "K-GDMnASN78D",
          "checksum": "63cea952ea057c896af0568cd98ed4d3"
        },
        {
          "type": "icon",
          "assetId": "aAUWxwCUK-86",
          "checksum": "c2f1211400aa525bbc1106a152016855"
        },
        {
          "type": "icon",
          "assetId": "oiB_zyeijbhp",
          "checksum": "14941b51b9e216e133efaf1039d1fb4b"
        },
        {
          "type": "icon",
          "assetId": "UBslTP8mLLKk",
          "checksum": "a5ff0e93aedf93a5f5185b3bb87eabfe"
        },
        {
          "type": "icon",
          "assetId": "qKTrp9nzgZK7",
          "checksum": "341dc7fcac6a09197b0ae99d40fa816a"
        },
        {
          "type": "icon",
          "assetId": "kslu_maehgy2",
          "checksum": "c0a12baa81ddc38beb57599bea0724a8"
        },
        {
          "type": "icon",
          "assetId": "L2w2_AvDwX-I",
          "checksum": "c2dff357fdb2a50609a48723cc0e086a"
        },
        {
          "type": "icon",
          "assetId": "z90cpJ33GqFp",
          "checksum": "236c2a36ac38ff3d47552f308dd498c3"
        },
        {
          "type": "icon",
          "assetId": "AOKmv43I-Izn",
          "checksum": "307e3266d716eab066f0d6e1cc8d2e23"
        },
        {
          "type": "icon",
          "assetId": "WmXSus6hVYHz",
          "checksum": "998b2d30ffb7297a3dc3d8026a8c0c01"
        },
        {
          "type": "icon",
          "assetId": "YFZQoddBhyxS",
          "checksum": "8b629a7edc3687d8fdbb5dbe8b755685"
        },
        {
          "type": "icon",
          "assetId": "WiE-dRrtM7Sy",
          "checksum": "64c672f94f948cba5259b8b26f4d37ab"
        },
        {
          "type": "icon",
          "assetId": "ojct1-Ff4-oe",
          "checksum": "f311924c71e953acb22acab0d2902c71"
        },
        {
          "type": "icon",
          "assetId": "BwIUOclJmEzq",
          "checksum": "e9540177682bc1096249b731725f0346"
        },
        {
          "type": "icon",
          "assetId": "ymEcoNmpLzwr",
          "checksum": "b2aabd3c4af10d0b3f0c6973bf9f9368"
        },
        {
          "type": "icon",
          "assetId": "36qdzzsizacu",
          "checksum": "cc73204b1eb9dc256ecef68bb868ca37"
        },
        {
          "type": "icon",
          "assetId": "7U6HRPTFhngK",
          "checksum": "c1e739dc63f820cd20f24af973a66af6"
        },
        {
          "type": "icon",
          "assetId": "okZ5q2QIJpYU",
          "checksum": "46014785b6f8759b13b98e422136e5c4"
        },
        {
          "type": "icon",
          "assetId": "W482voYkjq7d",
          "checksum": "930c7ce6e190866d59b7e2112eea1a4f"
        },
        {
          "type": "icon",
          "assetId": "HFUN3xN3yIKI",
          "checksum": "087c57438f2aca6b330c9a695a87ef82"
        },
        {
          "type": "icon",
          "assetId": "-Qdehd7yB5aP",
          "checksum": "eeaaa36f96c67a57e531904da7459870"
        },
        {
          "type": "icon",
          "assetId": "jdn_jrr5QkW3",
          "checksum": "26d3cf490d9278d1d569fdd291ca378e"
        },
        {
          "type": "icon",
          "assetId": "XQ5BHnFNOpAb",
          "checksum": "7804f55f0e1d47725b72eec2d73b0985"
        },
        {
          "type": "icon",
          "assetId": "zja-YJaqCUdU",
          "checksum": "61086aa028c905c7e359ed828f258c1c"
        },
        {
          "type": "icon",
          "assetId": "OB8gPI6oFPng",
          "checksum": "310e7f537e59ac665fac9d5f455776f6"
        },
        {
          "type": "icon",
          "assetId": "o-SNL50OqCi7",
          "checksum": "3e40cf0f6af1d1510a3cb0460147acc0"
        },
        {
          "type": "icon",
          "assetId": "z2RD4DBHR_ae",
          "checksum": "687726564989a6d54a616562378069d8"
        },
        {
          "type": "icon",
          "assetId": "62dNa7wadpfF",
          "checksum": "5f0fb3d06af52dba45a03afd34ba14ff"
        },
        {
          "type": "icon",
          "assetId": "8a8x1uAmJ1gs",
          "checksum": "0a900ff9a3640cd5174fab687430b370"
        },
        {
          "type": "icon",
          "assetId": "9BQo6wVO6Ekn",
          "checksum": "ee8350973bdd4316c2f5c8dbb03b238a"
        },
        {
          "type": "icon",
          "assetId": "fMcysc8BHIqM",
          "checksum": "eedba485cfe9271c649740b4e2bc87e1"
        },
        {
          "type": "icon",
          "assetId": "qDPIBl4sjxC2",
          "checksum": "a87759ee0909337341e3690859035152"
        },
        {
          "type": "icon",
          "assetId": "2e7xcWwaupSZ",
          "checksum": "99bf6fe7d0f27580f7ebb3232c2f2ef0"
        },
        {
          "type": "icon",
          "assetId": "9o0bvT4F0b2I",
          "checksum": "0e72b62275f220925764ba8d7401e011"
        },
        {
          "type": "image",
          "assetId": "cs6dkEE8wIr-",
          "checksum": "399808ae3475fe73459c45cf7ef3cc71"
        },
        {
          "type": "image",
          "assetId": "Z21-6C_duSMT",
          "checksum": "8838c2eef6ac5ded6392a4ebc85a17b2"
        },
        {
          "type": "image",
          "assetId": "q_XKI7_m0Iz4",
          "checksum": "4b0e58e4cd7b4d7900675dd0c471c444"
        },
        {
          "type": "image",
          "assetId": "CwC3z6UCa7AH",
          "checksum": "ecd2a4846b3228be18744375c5a15d5e"
        },
        {
          "type": "image",
          "assetId": "78msNFG0MHiL",
          "checksum": "fb1c1a9fb8ffe0d4da27d1c3f078dda9"
        },
        {
          "type": "image",
          "assetId": "NWZp4sHt7Ete",
          "checksum": "2f8ec771ff09777b059b81e37fad933c"
        },
        {
          "type": "image",
          "assetId": "jOLQOVT0q56s",
          "checksum": "2b90b78209c534cfdb15204d7995fa19"
        },
        {
          "type": "image",
          "assetId": "5t3Ndf0Q0HY3",
          "checksum": "f06b2cd3fffa0c76379537acfdc110ce"
        },
        {
          "type": "image",
          "assetId": "_GFKeEO_AaQn",
          "checksum": "f355b1d40791d21d0ad3887c1de3919c"
        },
        {
          "type": "image",
          "assetId": "4qDY2iW276zk",
          "checksum": "c8cdb48b297cb6d2c82a30067ccf3bac"
        },
        {
          "type": "image",
          "assetId": "4MzB8--pYbsO",
          "checksum": "a6de8b829d9b12a138a713a4a54cbdda"
        },
        {
          "type": "image",
          "assetId": "6kVV_vRtc8rP",
          "checksum": "1b5c1b80b53574fb078ff44b248d102f"
        },
        {
          "type": "image",
          "assetId": "8iUDVb2hYnbY",
          "checksum": "c804820e9a5f2570bf37a7b8b16fb721"
        },
        {
          "type": "image",
          "assetId": "W765B2qBpLVR",
          "checksum": "8751efe69bd1176866ad7492f07f9f50"
        },
        {
          "type": "image",
          "assetId": "kyY50hsWGhP2",
          "checksum": "90ff24f83593e66f96e585f421358ba8"
        },
        {
          "type": "image",
          "assetId": "XskE6JHLiLgF",
          "checksum": "b392dbbca210a8c9f645e57645fee883"
        },
        {
          "type": "image",
          "assetId": "FRgstYYPZpvy",
          "checksum": "2e7006523da90d4f509a3eb953d1574c"
        },
        {
          "type": "image",
          "assetId": "Pz1BhKTCjz9X",
          "checksum": "95bfb3cfe7c4bc5c731cedf2d3cd7c4f"
        },
        {
          "type": "image",
          "assetId": "CehvmxEMJndC",
          "checksum": "7d775d600492496c91b08a7be4da5a0e"
        },
        {
          "type": "image",
          "assetId": "LR6lKDTO-xgf",
          "checksum": "859545f9492d60c3aa62cc3936de97b1"
        },
        {
          "type": "image",
          "assetId": "FdTR-UXWjZOF",
          "checksum": "0a960b318713a1a87b5e1dbe27086d2a"
        },
        {
          "type": "image",
          "assetId": "-VtdKe5Rh6I9",
          "checksum": "389a339bd8c0a8ea89dc7c0ecfcd1309"
        },
        {
          "type": "image",
          "assetId": "vIK6C0U0PNz2",
          "checksum": "0981fc50bf2f976a527e48bd79962db3"
        },
        {
          "type": "image",
          "assetId": "MJoFGp6fO5se",
          "checksum": "8e99f03d3ac2d2106c4b578ec36657dd"
        },
        {
          "type": "image",
          "assetId": "oW9rXrzL1mbx",
          "checksum": "e8f546e76f0ad1a509432b447c604397"
        },
        {
          "type": "image",
          "assetId": "XnJp1_QcdHin",
          "checksum": "442d49accfd744143ad7031d7a99a75f"
        },
        {
          "type": "image",
          "assetId": "6mvm3s_pBWSI",
          "checksum": "c806e77e87943122f9e42df528adbf77"
        },
        {
          "type": "image",
          "assetId": "IQ0z_PLR1vva",
          "checksum": "a3ea74b609c71410c9747c343d13c4a1"
        },
        {
          "type": "image",
          "assetId": "0zZbheuMS55F",
          "checksum": "860708400437728488040f116fb0276a"
        },
        {
          "type": "image",
          "assetId": "sjjd8fSwtixj",
          "checksum": "ec28f6621eae52fa3f545d088f951085"
        },
        {
          "type": "image",
          "assetId": "S55s2024D2hG",
          "checksum": "59a3f64771973a3e134e822163960756"
        },
        {
          "type": "image",
          "assetId": "8mrQGAHWqV1f",
          "checksum": "fed7810f7313eb5bc074899e800b79c4"
        },
        {
          "type": "image",
          "assetId": "3nLBxkrYHYag",
          "checksum": "66965eaf61aee1614d79e3ef370560da"
        },
        {
          "type": "image",
          "assetId": "O7dvD6CIs0b2",
          "checksum": "13dc9b307f94cd5abf5951072d55d644"
        },
        {
          "type": "image",
          "assetId": "2Ep7sK7OzgLa",
          "checksum": "17d5a739185a5ba0f36b7f5100f6f5af"
        },
        {
          "type": "image",
          "assetId": "QtMS6ThGCF1B",
          "checksum": "5c3a538d83e5639646873dda28dada47"
        },
        {
          "type": "image",
          "assetId": "mcXQ1aks1--N",
          "checksum": "6c3eeb9d74fbfed0f214a42020d78539"
        },
        {
          "type": "image",
          "assetId": "dA3O68qUjjy3",
          "checksum": "bd0957565b76187d1bbd5baa760bf3bd"
        },
        {
          "type": "image",
          "assetId": "m3dfmP-SeWYO",
          "checksum": "1fe64e1ac5d1a84e9ca7fb3f055c21a0"
        },
        {
          "type": "image",
          "assetId": "E1Br0DUYJasm",
          "checksum": "ee7216ff057cd8cc5c4b80d378246d78"
        },
        {
          "type": "image",
          "assetId": "cHSlXGjaM1Nk",
          "checksum": "8597160a8cfc75ce9d9ce4cde87bb23f"
        },
        {
          "type": "image",
          "assetId": "SSkoDxKfvsC0",
          "checksum": "939f2f6c2599db54827bc71bb9bf132f"
        },
        {
          "type": "image",
          "assetId": "V0fWcoYBCbBs",
          "checksum": "64e462d285c2e13982054ba145575ff8"
        },
        {
          "type": "image",
          "assetId": "htpqijG-Lf2P",
          "checksum": "0e5e0c1c895b0bcd36bea934fc235809"
        },
        {
          "type": "image",
          "assetId": "PrzlzfBzooh4",
          "checksum": "c0b54cde9082a7d81b60a88e722da0be"
        },
        {
          "type": "image",
          "assetId": "n5BrBwVqHVAr",
          "checksum": "2cb305e02544ba403326142611e5ae94"
        },
        {
          "type": "image",
          "assetId": "tKYfOkXjdeiT",
          "checksum": "dc51d4a5d089da99c5b946097c7d4b2c"
        },
        {
          "type": "image",
          "assetId": "Z5bG9w7jhf_C",
          "checksum": "ce29753e0763b547e396e0665feefd2e"
        },
        {
          "type": "image",
          "assetId": "9CuxabxBemBR",
          "checksum": "dc8a08816c84036384d844c1fb59384b"
        },
        {
          "type": "image",
          "assetId": "Brly0fBgz3Ha",
          "checksum": "badee81db19a93501119327f9eb41a33"
        },
        {
          "type": "image",
          "assetId": "j22jNvmlmAUo",
          "checksum": "0a98a2d3ad84767f3ce8542b8f7edd72"
        },
        {
          "type": "image",
          "assetId": "LhVVm2ZeZeOm",
          "checksum": "525e826429fce0f9a805563922412ccd"
        },
        {
          "type": "image",
          "assetId": "nM5e1G1s93T4",
          "checksum": "8181118ad6e6378c9903578266158ad5"
        },
        {
          "type": "image",
          "assetId": "MBF6Uww8Ip6Q",
          "checksum": "598c918810408085c2c5ac7689b20cdf"
        },
        {
          "type": "image",
          "assetId": "clohThuj26Ue",
          "checksum": "c6855bcfe4005b6b956d270a5c0a44f1"
        },
        {
          "type": "image",
          "assetId": "766Lyodm1-GZ",
          "checksum": "64f8934e95a7791ce0827a621af495c7"
        },
        {
          "type": "image",
          "assetId": "Cr4DBwTGJK1U",
          "checksum": "50a644660aaf2e8f5ac292309b7b6f93"
        },
        {
          "type": "image",
          "assetId": "YrvjZgcZGJwI",
          "checksum": "166757d89da5f24bf5320bab9d45c67b"
        },
        {
          "type": "image",
          "assetId": "9WIqA8_CmD3A",
          "checksum": "adbe8171d13866aa6ef729d4ac8608cc"
        },
        {
          "type": "image",
          "assetId": "SPULHt1Z4QmI",
          "checksum": "007cbce3264ae611d1bdfdc25c7c3bf7"
        },
        {
          "type": "image",
          "assetId": "_I7W8Gzqco30",
          "checksum": "8496550bdf1037a70c8bb60657cfc567"
        },
        {
          "type": "image",
          "assetId": "A7lnimjdCoAc",
          "checksum": "c5ad65af9a8cc57c4e9a08f487b2ec0c"
        },
        {
          "type": "image",
          "assetId": "YYHw7r-xuvpO",
          "checksum": "a9a6bd8d3d47ed33dcbbe1b8ce3bcb69"
        },
        {
          "type": "image",
          "assetId": "8oO5s2ilsFLr",
          "checksum": "ad4770350aa67d1b480a6daee12c0a2f"
        }
      ],
      "codegenVersion": "0.0.2"
    }
  ],
  "cliVersion": "0.1.342"
}
